<?xml version="1.0" encoding="utf-8"?>
<Project ToolsVersion="4.0" xmlns="http://schemas.microsoft.com/developer/msbuild/2003">
  <ItemGroup>
    <Text Include="_readme.txt" />
  </ItemGroup>
  <ItemGroup>
    <Filter Include="Headers">
      <UniqueIdentifier>{470eeb29-b9ae-48c8-81a8-9671dea2971f}</UniqueIdentifier>
    </Filter>
    <Filter Include="Headers\Engine">
      <UniqueIdentifier>{5141a371-9c56-47eb-96bd-8e0d18c79f1c}</UniqueIdentifier>
    </Filter>
    <Filter Include="Headers\SoulSweep">
      <UniqueIdentifier>{13e5caaf-c0f8-480e-aa03-44000334c403}</UniqueIdentifier>
    </Filter>
    <Filter Include="Headers\Tmpl8">
      <UniqueIdentifier>{09acb6c5-29f5-42b5-bfca-6f4519791701}</UniqueIdentifier>
    </Filter>
    <Filter Include="Source">
      <UniqueIdentifier>{881f32cf-8e7b-4b21-876a-4af8104cf4f8}</UniqueIdentifier>
    </Filter>
    <Filter Include="Source\Tmpl8">
      <UniqueIdentifier>{ef39ef9c-ecfe-4d4b-8918-c91d15563dab}</UniqueIdentifier>
    </Filter>
    <Filter Include="Source\SoulSweep">
      <UniqueIdentifier>{6c54b4fd-c324-4215-88f8-0bad6fe92ca2}</UniqueIdentifier>
    </Filter>
    <Filter Include="Source\Engine">
      <UniqueIdentifier>{43161c7d-34b5-48e8-92e7-6587ce2d2329}</UniqueIdentifier>
    </Filter>
  </ItemGroup>
  <ItemGroup>
    <ClCompile Include="src\Animator.cpp">
      <Filter>Source\Engine</Filter>
    </ClCompile>
    <ClCompile Include="src\Camera.cpp">
      <Filter>Source\Engine</Filter>
    </ClCompile>
    <ClCompile Include="src\Devourer.cpp">
      <Filter>Source\SoulSweep</Filter>
    </ClCompile>
    <ClCompile Include="src\InputManager.cpp">
      <Filter>Source\Engine</Filter>
    </ClCompile>
    <ClCompile Include="src\Level.cpp">
      <Filter>Source\SoulSweep</Filter>
    </ClCompile>
    <ClCompile Include="src\ParticleSystem.cpp">
      <Filter>Source\Engine</Filter>
    </ClCompile>
    <ClCompile Include="src\Player.cpp">
      <Filter>Source\SoulSweep</Filter>
    </ClCompile>
    <ClCompile Include="src\Radar.cpp">
      <Filter>Source\SoulSweep</Filter>
    </ClCompile>
    <ClCompile Include="src\ResourceBar.cpp">
      <Filter>Source\Engine</Filter>
    </ClCompile>
    <ClCompile Include="src\SimpleMovement.cpp">
      <Filter>Source\SoulSweep</Filter>
    </ClCompile>
    <ClCompile Include="src\Soul.cpp">
      <Filter>Source\SoulSweep</Filter>
    </ClCompile>
    <ClCompile Include="src\SoulConduit.cpp">
      <Filter>Source\SoulSweep</Filter>
    </ClCompile>
    <ClCompile Include="src\Texture.cpp">
      <Filter>Source\Engine</Filter>
    </ClCompile>
    <ClCompile Include="src\Tilemap.cpp">
      <Filter>Source\Engine</Filter>
    </ClCompile>
    <ClCompile Include="src\SpriteSheet.cpp">
      <Filter>Source\Engine</Filter>
    </ClCompile>
    <ClCompile Include="src\SoulSweep.cpp">
      <Filter>Source\SoulSweep</Filter>
    </ClCompile>
    <ClCompile Include="src\surface.cpp">
      <Filter>Source\Tmpl8</Filter>
    </ClCompile>
    <ClCompile Include="src\template.cpp">
      <Filter>Source\Tmpl8</Filter>
    </ClCompile>
    <ClCompile Include="src\game.cpp" />
    <ClCompile Include="src\SimplexNoise.cpp">
      <Filter>Source\Engine</Filter>
    </ClCompile>
  </ItemGroup>
  <ItemGroup>
    <ClInclude Include="include\Animator.hpp">
      <Filter>Headers\Engine</Filter>
    </ClInclude>
    <ClInclude Include="include\aabb.hpp">
      <Filter>Headers\Engine</Filter>
    </ClInclude>
    <ClInclude Include="include\Camera.hpp">
      <Filter>Headers\Engine</Filter>
    </ClInclude>
    <ClInclude Include="include\InputManager.hpp">
      <Filter>Headers\Engine</Filter>
    </ClInclude>
    <ClInclude Include="include\ParticleSystem.hpp">
      <Filter>Headers\Engine</Filter>
    </ClInclude>
    <ClInclude Include="include\Tilemap.hpp">
      <Filter>Headers\Engine</Filter>
    </ClInclude>
    <ClInclude Include="include\Config.hpp">
      <Filter>Headers\SoulSweep</Filter>
    </ClInclude>
    <ClInclude Include="include\template.h">
      <Filter>Headers\Tmpl8</Filter>
    </ClInclude>
    <ClInclude Include="include\Devourer.hpp">
      <Filter>Headers\SoulSweep</Filter>
    </ClInclude>
    <ClInclude Include="include\game.h" />
    <ClInclude Include="include\Level.hpp">
      <Filter>Headers\SoulSweep</Filter>
    </ClInclude>
    <ClInclude Include="include\Player.hpp">
      <Filter>Headers\SoulSweep</Filter>
    </ClInclude>
    <ClInclude Include="include\Radar.hpp">
      <Filter>Headers\SoulSweep</Filter>
    </ClInclude>
    <ClInclude Include="include\ResourceBar.hpp">
      <Filter>Headers\SoulSweep</Filter>
    </ClInclude>
    <ClInclude Include="include\SimpleMovement.hpp">
      <Filter>Headers\SoulSweep</Filter>
    </ClInclude>
    <ClInclude Include="include\Soul.hpp">
      <Filter>Headers\SoulSweep</Filter>
    </ClInclude>
    <ClInclude Include="include\Texture.hpp">
      <Filter>Headers\Engine</Filter>
    </ClInclude>
    <ClInclude Include="include\surface.h">
      <Filter>Headers\Tmpl8</Filter>
    </ClInclude>
    <ClInclude Include="include\SpriteSheet.hpp">
      <Filter>Headers\Engine</Filter>
    </ClInclude>
    <ClInclude Include="include\SoulSweep.hpp">
      <Filter>Headers\SoulSweep</Filter>
    </ClInclude>
    <ClInclude Include="include\SoulConduit.hpp">
      <Filter>Headers\SoulSweep</Filter>
    </ClInclude>
    <ClInclude Include="include\json.hpp">
      <Filter>Headers\Engine</Filter>
    </ClInclude>
    <ClInclude Include="include\SimplexNoise.h">
      <Filter>Headers\Engine</Filter>
    </ClInclude>
  </ItemGroup>
</Project>