<?xml version="1.0" encoding="utf-8"?>
<Project ToolsVersion="4.0" xmlns="http://schemas.microsoft.com/developer/msbuild/2003">
  <ItemGroup>
    <ClCompile Include="surface.cpp">
      <Filter>template code</Filter>
    </ClCompile>
    <ClCompile Include="template.cpp">
      <Filter>template code</Filter>
    </ClCompile>
    <ClCompile Include="Camera.cpp">
      <Filter>Engine</Filter>
    </ClCompile>
    <ClCompile Include="Texture.cpp">
      <Filter>Engine</Filter>
    </ClCompile>
    <ClCompile Include="SpriteSheet.cpp">
      <Filter>Engine</Filter>
    </ClCompile>
    <ClCompile Include="AssetManager.cpp">
      <Filter>Engine</Filter>
    </ClCompile>
    <ClCompile Include="SoulSweep.cpp">
      <Filter>SoulSweep</Filter>
    </ClCompile>
    <ClCompile Include="Player.cpp">
      <Filter>SoulSweep</Filter>
    </ClCompile>
    <ClCompile Include="InputManager.cpp">
      <Filter>Engine</Filter>
    </ClCompile>
    <ClCompile Include="game.cpp" />
  </ItemGroup>
  <ItemGroup>
    <ClInclude Include="game.h" />
    <ClInclude Include="surface.h">
      <Filter>template code</Filter>
    </ClInclude>
    <ClInclude Include="template.h">
      <Filter>template code</Filter>
    </ClInclude>
    <ClInclude Include="Camera.hpp">
      <Filter>Engine</Filter>
    </ClInclude>
    <ClInclude Include="Texture.hpp">
      <Filter>Engine</Filter>
    </ClInclude>
    <ClInclude Include="AssetManager.hpp">
      <Filter>Engine</Filter>
    </ClInclude>
    <ClInclude Include="SpriteSheet.hpp">
      <Filter>Engine</Filter>
    </ClInclude>
    <ClInclude Include="SoulSweep.hpp">
      <Filter>SoulSweep</Filter>
    </ClInclude>
    <ClInclude Include="Player.hpp">
      <Filter>SoulSweep</Filter>
    </ClInclude>
    <ClInclude Include="InputManager.hpp">
      <Filter>Engine</Filter>
    </ClInclude>
    <ClInclude Include="Config.hpp">
      <Filter>SoulSweep</Filter>
    </ClInclude>
  </ItemGroup>
  <ItemGroup>
    <Filter Include="template code">
      <UniqueIdentifier>{bf32dd6e-4be7-4889-8ac6-49e7ee163c40}</UniqueIdentifier>
    </Filter>
    <Filter Include="Engine">
      <UniqueIdentifier>{bc82d526-93a5-42ca-a295-e4ae87444366}</UniqueIdentifier>
    </Filter>
    <Filter Include="SoulSweep">
      <UniqueIdentifier>{4bb3b7e9-c930-4e76-9dc9-d4bd4aae19c8}</UniqueIdentifier>
    </Filter>
  </ItemGroup>
  <ItemGroup>
    <Text Include="_readme.txt">
      <Filter>template code</Filter>
    </Text>
  </ItemGroup>
</Project>